// !$*UTF8*$!
{
	archiveVersion = 1;
	classes = {
	};
	objectVersion = 46;
	objects = {

/* Begin PBXBuildFile section */
		5A0265B61B9FC8FC0079F6DE /* Gadget.swift in Sources */ = {isa = PBXBuildFile; fileRef = 5A0265B51B9FC8FC0079F6DE /* Gadget.swift */; };
		5A0265B81B9FCD170079F6DE /* Weapon.swift in Sources */ = {isa = PBXBuildFile; fileRef = 5A0265B71B9FCD170079F6DE /* Weapon.swift */; };
		5A0265BA1B9FCD2D0079F6DE /* Shield.swift in Sources */ = {isa = PBXBuildFile; fileRef = 5A0265B91B9FCD2D0079F6DE /* Shield.swift */; };
		5A0265BC1B9FCD8B0079F6DE /* SpecialEvent.swift in Sources */ = {isa = PBXBuildFile; fileRef = 5A0265BB1B9FCD8B0079F6DE /* SpecialEvent.swift */; };
		5A0265BE1B9FD2660079F6DE /* CrewMember.swift in Sources */ = {isa = PBXBuildFile; fileRef = 5A0265BD1B9FD2660079F6DE /* CrewMember.swift */; };
		5A0265C01B9FDE1E0079F6DE /* PoliticsType.swift in Sources */ = {isa = PBXBuildFile; fileRef = 5A0265BF1B9FDE1E0079F6DE /* PoliticsType.swift */; };
		5A0265C21BA329670079F6DE /* Commander.swift in Sources */ = {isa = PBXBuildFile; fileRef = 5A0265C11BA329670079F6DE /* Commander.swift */; };
		5A078ABF1BB1CBD20005155D /* SellVC.swift in Sources */ = {isa = PBXBuildFile; fileRef = 5A078ABE1BB1CBD20005155D /* SellVC.swift */; settings = {ASSET_TAGS = (); }; };
		5A078AC11BB33C100005155D /* BuyModalVC.swift in Sources */ = {isa = PBXBuildFile; fileRef = 5A078AC01BB33C100005155D /* BuyModalVC.swift */; settings = {ASSET_TAGS = (); }; };
		5A518FB01BC0ACC400021B13 /* WarpVC.swift in Sources */ = {isa = PBXBuildFile; fileRef = 5A518FAF1BC0ACC400021B13 /* WarpVC.swift */; settings = {ASSET_TAGS = (); }; };
		5A81AD181BACFBCD001F2918 /* Globals.swift in Sources */ = {isa = PBXBuildFile; fileRef = 5A81AD171BACFBCD001F2918 /* Globals.swift */; settings = {ASSET_TAGS = (); }; };
		5AD5F8921B9A122200154B21 /* AppDelegate.swift in Sources */ = {isa = PBXBuildFile; fileRef = 5AD5F8911B9A122200154B21 /* AppDelegate.swift */; };
		5AD5F8941B9A122200154B21 /* ViewController.swift in Sources */ = {isa = PBXBuildFile; fileRef = 5AD5F8931B9A122200154B21 /* ViewController.swift */; };
		5AD5F8971B9A122200154B21 /* Main.storyboard in Resources */ = {isa = PBXBuildFile; fileRef = 5AD5F8951B9A122200154B21 /* Main.storyboard */; settings = {ASSET_TAGS = (); }; };
		5AD5F8991B9A122200154B21 /* Images.xcassets in Resources */ = {isa = PBXBuildFile; fileRef = 5AD5F8981B9A122200154B21 /* Images.xcassets */; };
		5AD5F89C1B9A122200154B21 /* LaunchScreen.xib in Resources */ = {isa = PBXBuildFile; fileRef = 5AD5F89A1B9A122200154B21 /* LaunchScreen.xib */; };
		5AD5F8A81B9A122200154B21 /* SpaceTraderTests.swift in Sources */ = {isa = PBXBuildFile; fileRef = 5AD5F8A71B9A122200154B21 /* SpaceTraderTests.swift */; };
		5AD5F8B21B9D160400154B21 /* StarSystem.swift in Sources */ = {isa = PBXBuildFile; fileRef = 5AD5F8B11B9D160400154B21 /* StarSystem.swift */; };
		5AD5F8B41B9DEB5300154B21 /* DataTypes.swift in Sources */ = {isa = PBXBuildFile; fileRef = 5AD5F8B31B9DEB5300154B21 /* DataTypes.swift */; };
		5AD5F8B81B9E1B5C00154B21 /* Enums.swift in Sources */ = {isa = PBXBuildFile; fileRef = 5AD5F8B71B9E1B5C00154B21 /* Enums.swift */; };
		5AD5F8BE1B9F3BE700154B21 /* Ship.swift in Sources */ = {isa = PBXBuildFile; fileRef = 5AD5F8BD1B9F3BE700154B21 /* Ship.swift */; };
		5AD5F8C01B9F473E00154B21 /* TradeItem.swift in Sources */ = {isa = PBXBuildFile; fileRef = 5AD5F8BF1B9F473E00154B21 /* TradeItem.swift */; };
		5AD5F8C21B9FB54E00154B21 /* Galaxy.swift in Sources */ = {isa = PBXBuildFile; fileRef = 5AD5F8C11B9FB54E00154B21 /* Galaxy.swift */; };
		5AF1CA2D1BA36C2300643C5F /* NewCommanderVC.swift in Sources */ = {isa = PBXBuildFile; fileRef = 5AF1CA2C1BA36C2300643C5F /* NewCommanderVC.swift */; };
		5AF1CA2F1BAB3E7A00643C5F /* BuyVC.swift in Sources */ = {isa = PBXBuildFile; fileRef = 5AF1CA2E1BAB3E7A00643C5F /* BuyVC.swift */; };
/* End PBXBuildFile section */

/* Begin PBXContainerItemProxy section */
		5AD5F8A21B9A122200154B21 /* PBXContainerItemProxy */ = {
			isa = PBXContainerItemProxy;
			containerPortal = 5AD5F8841B9A122200154B21 /* Project object */;
			proxyType = 1;
			remoteGlobalIDString = 5AD5F88B1B9A122200154B21;
			remoteInfo = SpaceTrader;
		};
/* End PBXContainerItemProxy section */

/* Begin PBXFileReference section */
		5A0265B51B9FC8FC0079F6DE /* Gadget.swift */ = {isa = PBXFileReference; fileEncoding = 4; lastKnownFileType = sourcecode.swift; path = Gadget.swift; sourceTree = "<group>"; };
		5A0265B71B9FCD170079F6DE /* Weapon.swift */ = {isa = PBXFileReference; fileEncoding = 4; lastKnownFileType = sourcecode.swift; path = Weapon.swift; sourceTree = "<group>"; };
		5A0265B91B9FCD2D0079F6DE /* Shield.swift */ = {isa = PBXFileReference; fileEncoding = 4; lastKnownFileType = sourcecode.swift; path = Shield.swift; sourceTree = "<group>"; };
		5A0265BB1B9FCD8B0079F6DE /* SpecialEvent.swift */ = {isa = PBXFileReference; fileEncoding = 4; lastKnownFileType = sourcecode.swift; path = SpecialEvent.swift; sourceTree = "<group>"; };
		5A0265BD1B9FD2660079F6DE /* CrewMember.swift */ = {isa = PBXFileReference; fileEncoding = 4; lastKnownFileType = sourcecode.swift; path = CrewMember.swift; sourceTree = "<group>"; };
		5A0265BF1B9FDE1E0079F6DE /* PoliticsType.swift */ = {isa = PBXFileReference; fileEncoding = 4; lastKnownFileType = sourcecode.swift; path = PoliticsType.swift; sourceTree = "<group>"; };
		5A0265C11BA329670079F6DE /* Commander.swift */ = {isa = PBXFileReference; fileEncoding = 4; lastKnownFileType = sourcecode.swift; path = Commander.swift; sourceTree = "<group>"; };
		5A078ABE1BB1CBD20005155D /* SellVC.swift */ = {isa = PBXFileReference; fileEncoding = 4; lastKnownFileType = sourcecode.swift; path = SellVC.swift; sourceTree = "<group>"; };
		5A078AC01BB33C100005155D /* BuyModalVC.swift */ = {isa = PBXFileReference; fileEncoding = 4; lastKnownFileType = sourcecode.swift; path = BuyModalVC.swift; sourceTree = "<group>"; };
		5A518FAF1BC0ACC400021B13 /* WarpVC.swift */ = {isa = PBXFileReference; fileEncoding = 4; lastKnownFileType = sourcecode.swift; path = WarpVC.swift; sourceTree = "<group>"; };
		5A81AD171BACFBCD001F2918 /* Globals.swift */ = {isa = PBXFileReference; fileEncoding = 4; lastKnownFileType = sourcecode.swift; path = Globals.swift; sourceTree = "<group>"; };
		5AD5F88C1B9A122200154B21 /* SpaceTrader.app */ = {isa = PBXFileReference; explicitFileType = wrapper.application; includeInIndex = 0; path = SpaceTrader.app; sourceTree = BUILT_PRODUCTS_DIR; };
		5AD5F8901B9A122200154B21 /* Info.plist */ = {isa = PBXFileReference; lastKnownFileType = text.plist.xml; path = Info.plist; sourceTree = "<group>"; };
		5AD5F8911B9A122200154B21 /* AppDelegate.swift */ = {isa = PBXFileReference; lastKnownFileType = sourcecode.swift; path = AppDelegate.swift; sourceTree = "<group>"; };
		5AD5F8931B9A122200154B21 /* ViewController.swift */ = {isa = PBXFileReference; lastKnownFileType = sourcecode.swift; path = ViewController.swift; sourceTree = "<group>"; };
		5AD5F8961B9A122200154B21 /* Base */ = {isa = PBXFileReference; lastKnownFileType = file.storyboard; name = Base; path = Base.lproj/Main.storyboard; sourceTree = "<group>"; };
		5AD5F8981B9A122200154B21 /* Images.xcassets */ = {isa = PBXFileReference; lastKnownFileType = folder.assetcatalog; path = Images.xcassets; sourceTree = "<group>"; };
		5AD5F89B1B9A122200154B21 /* Base */ = {isa = PBXFileReference; lastKnownFileType = file.xib; name = Base; path = Base.lproj/LaunchScreen.xib; sourceTree = "<group>"; };
		5AD5F8A11B9A122200154B21 /* SpaceTraderTests.xctest */ = {isa = PBXFileReference; explicitFileType = wrapper.cfbundle; includeInIndex = 0; path = SpaceTraderTests.xctest; sourceTree = BUILT_PRODUCTS_DIR; };
		5AD5F8A61B9A122200154B21 /* Info.plist */ = {isa = PBXFileReference; lastKnownFileType = text.plist.xml; path = Info.plist; sourceTree = "<group>"; };
		5AD5F8A71B9A122200154B21 /* SpaceTraderTests.swift */ = {isa = PBXFileReference; lastKnownFileType = sourcecode.swift; path = SpaceTraderTests.swift; sourceTree = "<group>"; };
		5AD5F8B11B9D160400154B21 /* StarSystem.swift */ = {isa = PBXFileReference; fileEncoding = 4; lastKnownFileType = sourcecode.swift; path = StarSystem.swift; sourceTree = "<group>"; };
		5AD5F8B31B9DEB5300154B21 /* DataTypes.swift */ = {isa = PBXFileReference; fileEncoding = 4; lastKnownFileType = sourcecode.swift; path = DataTypes.swift; sourceTree = "<group>"; };
		5AD5F8B71B9E1B5C00154B21 /* Enums.swift */ = {isa = PBXFileReference; fileEncoding = 4; lastKnownFileType = sourcecode.swift; path = Enums.swift; sourceTree = "<group>"; };
		5AD5F8BD1B9F3BE700154B21 /* Ship.swift */ = {isa = PBXFileReference; fileEncoding = 4; lastKnownFileType = sourcecode.swift; path = Ship.swift; sourceTree = "<group>"; };
		5AD5F8BF1B9F473E00154B21 /* TradeItem.swift */ = {isa = PBXFileReference; fileEncoding = 4; lastKnownFileType = sourcecode.swift; path = TradeItem.swift; sourceTree = "<group>"; };
		5AD5F8C11B9FB54E00154B21 /* Galaxy.swift */ = {isa = PBXFileReference; fileEncoding = 4; lastKnownFileType = sourcecode.swift; path = Galaxy.swift; sourceTree = "<group>"; };
		5AF1CA2C1BA36C2300643C5F /* NewCommanderVC.swift */ = {isa = PBXFileReference; fileEncoding = 4; lastKnownFileType = sourcecode.swift; path = NewCommanderVC.swift; sourceTree = "<group>"; };
		5AF1CA2E1BAB3E7A00643C5F /* BuyVC.swift */ = {isa = PBXFileReference; fileEncoding = 4; lastKnownFileType = sourcecode.swift; path = BuyVC.swift; sourceTree = "<group>"; };
/* End PBXFileReference section */

/* Begin PBXFrameworksBuildPhase section */
		5AD5F8891B9A122200154B21 /* Frameworks */ = {
			isa = PBXFrameworksBuildPhase;
			buildActionMask = 2147483647;
			files = (
			);
			runOnlyForDeploymentPostprocessing = 0;
		};
		5AD5F89E1B9A122200154B21 /* Frameworks */ = {
			isa = PBXFrameworksBuildPhase;
			buildActionMask = 2147483647;
			files = (
			);
			runOnlyForDeploymentPostprocessing = 0;
		};
/* End PBXFrameworksBuildPhase section */

/* Begin PBXGroup section */
		5AD5F8831B9A122200154B21 = {
			isa = PBXGroup;
			children = (
				5AD5F88E1B9A122200154B21 /* SpaceTrader */,
				5AD5F8A41B9A122200154B21 /* SpaceTraderTests */,
				5AD5F88D1B9A122200154B21 /* Products */,
			);
			sourceTree = "<group>";
		};
		5AD5F88D1B9A122200154B21 /* Products */ = {
			isa = PBXGroup;
			children = (
				5AD5F88C1B9A122200154B21 /* SpaceTrader.app */,
				5AD5F8A11B9A122200154B21 /* SpaceTraderTests.xctest */,
			);
			name = Products;
			sourceTree = "<group>";
		};
		5AD5F88E1B9A122200154B21 /* SpaceTrader */ = {
			isa = PBXGroup;
			children = (
				5AD5F8911B9A122200154B21 /* AppDelegate.swift */,
				5AD5F8931B9A122200154B21 /* ViewController.swift */,
				5AD5F8951B9A122200154B21 /* Main.storyboard */,
				5AD5F8981B9A122200154B21 /* Images.xcassets */,
				5AD5F89A1B9A122200154B21 /* LaunchScreen.xib */,
				5AD5F88F1B9A122200154B21 /* Supporting Files */,
				5AF1CA2B1BA365DC00643C5F /* ViewControllers */,
				5AD5F8BC1B9E948F00154B21 /* Classes */,
				5AD5F8B31B9DEB5300154B21 /* DataTypes.swift */,
				5AD5F8B71B9E1B5C00154B21 /* Enums.swift */,
			);
			path = SpaceTrader;
			sourceTree = "<group>";
		};
		5AD5F88F1B9A122200154B21 /* Supporting Files */ = {
			isa = PBXGroup;
			children = (
				5AD5F8901B9A122200154B21 /* Info.plist */,
			);
			name = "Supporting Files";
			sourceTree = "<group>";
		};
		5AD5F8A41B9A122200154B21 /* SpaceTraderTests */ = {
			isa = PBXGroup;
			children = (
				5AD5F8A71B9A122200154B21 /* SpaceTraderTests.swift */,
				5AD5F8A51B9A122200154B21 /* Supporting Files */,
			);
			path = SpaceTraderTests;
			sourceTree = "<group>";
		};
		5AD5F8A51B9A122200154B21 /* Supporting Files */ = {
			isa = PBXGroup;
			children = (
				5AD5F8A61B9A122200154B21 /* Info.plist */,
			);
			name = "Supporting Files";
			sourceTree = "<group>";
		};
		5AD5F8BC1B9E948F00154B21 /* Classes */ = {
			isa = PBXGroup;
			children = (
				5A0265C11BA329670079F6DE /* Commander.swift */,
				5A0265BD1B9FD2660079F6DE /* CrewMember.swift */,
				5A0265B51B9FC8FC0079F6DE /* Gadget.swift */,
				5AD5F8C11B9FB54E00154B21 /* Galaxy.swift */,
				5A81AD171BACFBCD001F2918 /* Globals.swift */,
				5A0265BF1B9FDE1E0079F6DE /* PoliticsType.swift */,
				5A0265B91B9FCD2D0079F6DE /* Shield.swift */,
				5AD5F8BD1B9F3BE700154B21 /* Ship.swift */,
				5A0265BB1B9FCD8B0079F6DE /* SpecialEvent.swift */,
				5AD5F8B11B9D160400154B21 /* StarSystem.swift */,
				5AD5F8BF1B9F473E00154B21 /* TradeItem.swift */,
				5A0265B71B9FCD170079F6DE /* Weapon.swift */,
			);
			name = Classes;
			sourceTree = "<group>";
		};
		5AF1CA2B1BA365DC00643C5F /* ViewControllers */ = {
			isa = PBXGroup;
			children = (
				5A078AC01BB33C100005155D /* BuyModalVC.swift */,
				5AF1CA2E1BAB3E7A00643C5F /* BuyVC.swift */,
				5AF1CA2C1BA36C2300643C5F /* NewCommanderVC.swift */,
				5A078ABE1BB1CBD20005155D /* SellVC.swift */,
				5A518FAF1BC0ACC400021B13 /* WarpVC.swift */,
			);
			name = ViewControllers;
			sourceTree = "<group>";
		};
/* End PBXGroup section */

/* Begin PBXNativeTarget section */
		5AD5F88B1B9A122200154B21 /* SpaceTrader */ = {
			isa = PBXNativeTarget;
			buildConfigurationList = 5AD5F8AB1B9A122200154B21 /* Build configuration list for PBXNativeTarget "SpaceTrader" */;
			buildPhases = (
				5AD5F8881B9A122200154B21 /* Sources */,
				5AD5F8891B9A122200154B21 /* Frameworks */,
				5AD5F88A1B9A122200154B21 /* Resources */,
			);
			buildRules = (
			);
			dependencies = (
			);
			name = SpaceTrader;
			productName = SpaceTrader;
			productReference = 5AD5F88C1B9A122200154B21 /* SpaceTrader.app */;
			productType = "com.apple.product-type.application";
		};
		5AD5F8A01B9A122200154B21 /* SpaceTraderTests */ = {
			isa = PBXNativeTarget;
			buildConfigurationList = 5AD5F8AE1B9A122200154B21 /* Build configuration list for PBXNativeTarget "SpaceTraderTests" */;
			buildPhases = (
				5AD5F89D1B9A122200154B21 /* Sources */,
				5AD5F89E1B9A122200154B21 /* Frameworks */,
				5AD5F89F1B9A122200154B21 /* Resources */,
			);
			buildRules = (
			);
			dependencies = (
				5AD5F8A31B9A122200154B21 /* PBXTargetDependency */,
			);
			name = SpaceTraderTests;
			productName = SpaceTraderTests;
			productReference = 5AD5F8A11B9A122200154B21 /* SpaceTraderTests.xctest */;
			productType = "com.apple.product-type.bundle.unit-test";
		};
/* End PBXNativeTarget section */

/* Begin PBXProject section */
		5AD5F8841B9A122200154B21 /* Project object */ = {
			isa = PBXProject;
			attributes = {
				KnownAssetTags = (
					00,
					01,
				);
				LastSwiftUpdateCheck = 0700;
				LastUpgradeCheck = 0640;
				ORGANIZATIONNAME = "Marc Auger";
				TargetAttributes = {
					5AD5F88B1B9A122200154B21 = {
						CreatedOnToolsVersion = 6.4;
						DevelopmentTeam = 497ASK6Q28;
					};
					5AD5F8A01B9A122200154B21 = {
						CreatedOnToolsVersion = 6.4;
						TestTargetID = 5AD5F88B1B9A122200154B21;
					};
				};
			};
			buildConfigurationList = 5AD5F8871B9A122200154B21 /* Build configuration list for PBXProject "SpaceTrader" */;
			compatibilityVersion = "Xcode 3.2";
			developmentRegion = English;
			hasScannedForEncodings = 0;
			knownRegions = (
				en,
				Base,
			);
			mainGroup = 5AD5F8831B9A122200154B21;
			productRefGroup = 5AD5F88D1B9A122200154B21 /* Products */;
			projectDirPath = "";
			projectRoot = "";
			targets = (
				5AD5F88B1B9A122200154B21 /* SpaceTrader */,
				5AD5F8A01B9A122200154B21 /* SpaceTraderTests */,
			);
		};
/* End PBXProject section */

/* Begin PBXResourcesBuildPhase section */
		5AD5F88A1B9A122200154B21 /* Resources */ = {
			isa = PBXResourcesBuildPhase;
			buildActionMask = 2147483647;
			files = (
				5AD5F8971B9A122200154B21 /* Main.storyboard in Resources */,
				5AD5F89C1B9A122200154B21 /* LaunchScreen.xib in Resources */,
				5AD5F8991B9A122200154B21 /* Images.xcassets in Resources */,
			);
			runOnlyForDeploymentPostprocessing = 0;
		};
		5AD5F89F1B9A122200154B21 /* Resources */ = {
			isa = PBXResourcesBuildPhase;
			buildActionMask = 2147483647;
			files = (
			);
			runOnlyForDeploymentPostprocessing = 0;
		};
/* End PBXResourcesBuildPhase section */

/* Begin PBXSourcesBuildPhase section */
		5AD5F8881B9A122200154B21 /* Sources */ = {
			isa = PBXSourcesBuildPhase;
			buildActionMask = 2147483647;
			files = (
				5A0265BE1B9FD2660079F6DE /* CrewMember.swift in Sources */,
				5AD5F8941B9A122200154B21 /* ViewController.swift in Sources */,
				5AD5F8C01B9F473E00154B21 /* TradeItem.swift in Sources */,
				5AD5F8BE1B9F3BE700154B21 /* Ship.swift in Sources */,
				5AD5F8B41B9DEB5300154B21 /* DataTypes.swift in Sources */,
				5A0265BC1B9FCD8B0079F6DE /* SpecialEvent.swift in Sources */,
				5A0265BA1B9FCD2D0079F6DE /* Shield.swift in Sources */,
				5AD5F8B21B9D160400154B21 /* StarSystem.swift in Sources */,
				5A81AD181BACFBCD001F2918 /* Globals.swift in Sources */,
				5A078AC11BB33C100005155D /* BuyModalVC.swift in Sources */,
				5AF1CA2D1BA36C2300643C5F /* NewCommanderVC.swift in Sources */,
				5AF1CA2F1BAB3E7A00643C5F /* BuyVC.swift in Sources */,
				5A0265B81B9FCD170079F6DE /* Weapon.swift in Sources */,
				5AD5F8C21B9FB54E00154B21 /* Galaxy.swift in Sources */,
				5A0265C21BA329670079F6DE /* Commander.swift in Sources */,
				5A0265C01B9FDE1E0079F6DE /* PoliticsType.swift in Sources */,
				5AD5F8921B9A122200154B21 /* AppDelegate.swift in Sources */,
				5A518FB01BC0ACC400021B13 /* WarpVC.swift in Sources */,
				5A078ABF1BB1CBD20005155D /* SellVC.swift in Sources */,
				5AD5F8B81B9E1B5C00154B21 /* Enums.swift in Sources */,
				5A0265B61B9FC8FC0079F6DE /* Gadget.swift in Sources */,
			);
			runOnlyForDeploymentPostprocessing = 0;
		};
		5AD5F89D1B9A122200154B21 /* Sources */ = {
			isa = PBXSourcesBuildPhase;
			buildActionMask = 2147483647;
			files = (
				5AD5F8A81B9A122200154B21 /* SpaceTraderTests.swift in Sources */,
			);
			runOnlyForDeploymentPostprocessing = 0;
		};
/* End PBXSourcesBuildPhase section */

/* Begin PBXTargetDependency section */
		5AD5F8A31B9A122200154B21 /* PBXTargetDependency */ = {
			isa = PBXTargetDependency;
			target = 5AD5F88B1B9A122200154B21 /* SpaceTrader */;
			targetProxy = 5AD5F8A21B9A122200154B21 /* PBXContainerItemProxy */;
		};
/* End PBXTargetDependency section */

/* Begin PBXVariantGroup section */
		5AD5F8951B9A122200154B21 /* Main.storyboard */ = {
			isa = PBXVariantGroup;
			children = (
				5AD5F8961B9A122200154B21 /* Base */,
			);
			name = Main.storyboard;
			sourceTree = "<group>";
		};
		5AD5F89A1B9A122200154B21 /* LaunchScreen.xib */ = {
			isa = PBXVariantGroup;
			children = (
				5AD5F89B1B9A122200154B21 /* Base */,
			);
			name = LaunchScreen.xib;
			sourceTree = "<group>";
		};
/* End PBXVariantGroup section */

/* Begin XCBuildConfiguration section */
		5AD5F8A91B9A122200154B21 /* Debug */ = {
			isa = XCBuildConfiguration;
			buildSettings = {
				ALWAYS_SEARCH_USER_PATHS = NO;
				CLANG_CXX_LANGUAGE_STANDARD = "gnu++0x";
				CLANG_CXX_LIBRARY = "libc++";
				CLANG_ENABLE_MODULES = YES;
				CLANG_ENABLE_OBJC_ARC = YES;
				CLANG_WARN_BOOL_CONVERSION = YES;
				CLANG_WARN_CONSTANT_CONVERSION = YES;
				CLANG_WARN_DIRECT_OBJC_ISA_USAGE = YES_ERROR;
				CLANG_WARN_EMPTY_BODY = YES;
				CLANG_WARN_ENUM_CONVERSION = YES;
				CLANG_WARN_INT_CONVERSION = YES;
				CLANG_WARN_OBJC_ROOT_CLASS = YES_ERROR;
				CLANG_WARN_UNREACHABLE_CODE = YES;
				CLANG_WARN__DUPLICATE_METHOD_MATCH = YES;
				"CODE_SIGN_IDENTITY[sdk=iphoneos*]" = "iPhone Developer";
				COPY_PHASE_STRIP = NO;
				DEBUG_INFORMATION_FORMAT = "dwarf-with-dsym";
				ENABLE_STRICT_OBJC_MSGSEND = YES;
				GCC_C_LANGUAGE_STANDARD = gnu99;
				GCC_DYNAMIC_NO_PIC = NO;
				GCC_NO_COMMON_BLOCKS = YES;
				GCC_OPTIMIZATION_LEVEL = 0;
				GCC_PREPROCESSOR_DEFINITIONS = (
					"DEBUG=1",
					"$(inherited)",
				);
				GCC_SYMBOLS_PRIVATE_EXTERN = NO;
				GCC_WARN_64_TO_32_BIT_CONVERSION = YES;
				GCC_WARN_ABOUT_RETURN_TYPE = YES_ERROR;
				GCC_WARN_UNDECLARED_SELECTOR = YES;
				GCC_WARN_UNINITIALIZED_AUTOS = YES_AGGRESSIVE;
				GCC_WARN_UNUSED_FUNCTION = YES;
				GCC_WARN_UNUSED_VARIABLE = YES;
				IPHONEOS_DEPLOYMENT_TARGET = 8.4;
				MTL_ENABLE_DEBUG_INFO = YES;
				ONLY_ACTIVE_ARCH = YES;
				SDKROOT = iphoneos;
				SWIFT_OPTIMIZATION_LEVEL = "-Onone";
			};
			name = Debug;
		};
		5AD5F8AA1B9A122200154B21 /* Release */ = {
			isa = XCBuildConfiguration;
			buildSettings = {
				ALWAYS_SEARCH_USER_PATHS = NO;
				CLANG_CXX_LANGUAGE_STANDARD = "gnu++0x";
				CLANG_CXX_LIBRARY = "libc++";
				CLANG_ENABLE_MODULES = YES;
				CLANG_ENABLE_OBJC_ARC = YES;
				CLANG_WARN_BOOL_CONVERSION = YES;
				CLANG_WARN_CONSTANT_CONVERSION = YES;
				CLANG_WARN_DIRECT_OBJC_ISA_USAGE = YES_ERROR;
				CLANG_WARN_EMPTY_BODY = YES;
				CLANG_WARN_ENUM_CONVERSION = YES;
				CLANG_WARN_INT_CONVERSION = YES;
				CLANG_WARN_OBJC_ROOT_CLASS = YES_ERROR;
				CLANG_WARN_UNREACHABLE_CODE = YES;
				CLANG_WARN__DUPLICATE_METHOD_MATCH = YES;
				"CODE_SIGN_IDENTITY[sdk=iphoneos*]" = "iPhone Developer";
				COPY_PHASE_STRIP = NO;
				DEBUG_INFORMATION_FORMAT = "dwarf-with-dsym";
				ENABLE_NS_ASSERTIONS = NO;
				ENABLE_STRICT_OBJC_MSGSEND = YES;
				GCC_C_LANGUAGE_STANDARD = gnu99;
				GCC_NO_COMMON_BLOCKS = YES;
				GCC_WARN_64_TO_32_BIT_CONVERSION = YES;
				GCC_WARN_ABOUT_RETURN_TYPE = YES_ERROR;
				GCC_WARN_UNDECLARED_SELECTOR = YES;
				GCC_WARN_UNINITIALIZED_AUTOS = YES_AGGRESSIVE;
				GCC_WARN_UNUSED_FUNCTION = YES;
				GCC_WARN_UNUSED_VARIABLE = YES;
				IPHONEOS_DEPLOYMENT_TARGET = 8.4;
				MTL_ENABLE_DEBUG_INFO = NO;
				SDKROOT = iphoneos;
				VALIDATE_PRODUCT = YES;
			};
			name = Release;
		};
		5AD5F8AC1B9A122200154B21 /* Debug */ = {
			isa = XCBuildConfiguration;
			buildSettings = {
				ASSETCATALOG_COMPILER_APPICON_NAME = AppIcon;
				CODE_SIGN_IDENTITY = "iPhone Developer";
				"CODE_SIGN_IDENTITY[sdk=iphoneos*]" = "iPhone Developer";
				INFOPLIST_FILE = SpaceTrader/Info.plist;
				LD_RUNPATH_SEARCH_PATHS = "$(inherited) @executable_path/Frameworks";
				PRODUCT_NAME = "$(TARGET_NAME)";
				PROVISIONING_PROFILE = "";
			};
			name = Debug;
		};
		5AD5F8AD1B9A122200154B21 /* Release */ = {
			isa = XCBuildConfiguration;
			buildSettings = {
				ASSETCATALOG_COMPILER_APPICON_NAME = AppIcon;
				CODE_SIGN_IDENTITY = "iPhone Developer";
				"CODE_SIGN_IDENTITY[sdk=iphoneos*]" = "iPhone Developer";
				INFOPLIST_FILE = SpaceTrader/Info.plist;
				LD_RUNPATH_SEARCH_PATHS = "$(inherited) @executable_path/Frameworks";
				PRODUCT_NAME = "$(TARGET_NAME)";
				PROVISIONING_PROFILE = "";
			};
			name = Release;
		};
		5AD5F8AF1B9A122200154B21 /* Debug */ = {
			isa = XCBuildConfiguration;
			buildSettings = {
				BUNDLE_LOADER = "$(TEST_HOST)";
				FRAMEWORK_SEARCH_PATHS = (
					"$(SDKROOT)/Developer/Library/Frameworks",
					"$(inherited)",
				);
				GCC_PREPROCESSOR_DEFINITIONS = (
					"DEBUG=1",
					"$(inherited)",
				);
				INFOPLIST_FILE = SpaceTraderTests/Info.plist;
				LD_RUNPATH_SEARCH_PATHS = "$(inherited) @executable_path/Frameworks @loader_path/Frameworks";
				PRODUCT_NAME = "$(TARGET_NAME)";
				TEST_HOST = "$(BUILT_PRODUCTS_DIR)/SpaceTrader.app/SpaceTrader";
			};
			name = Debug;
		};
		5AD5F8B01B9A122200154B21 /* Release */ = {
			isa = XCBuildConfiguration;
			buildSettings = {
				BUNDLE_LOADER = "$(TEST_HOST)";
				FRAMEWORK_SEARCH_PATHS = (
					"$(SDKROOT)/Developer/Library/Frameworks",
					"$(inherited)",
				);
				INFOPLIST_FILE = SpaceTraderTests/Info.plist;
				LD_RUNPATH_SEARCH_PATHS = "$(inherited) @executable_path/Frameworks @loader_path/Frameworks";
				PRODUCT_NAME = "$(TARGET_NAME)";
				TEST_HOST = "$(BUILT_PRODUCTS_DIR)/SpaceTrader.app/SpaceTrader";
			};
			name = Release;
		};
/* End XCBuildConfiguration section */

/* Begin XCConfigurationList section */
		5AD5F8871B9A122200154B21 /* Build configuration list for PBXProject "SpaceTrader" */ = {
			isa = XCConfigurationList;
			buildConfigurations = (
				5AD5F8A91B9A122200154B21 /* Debug */,
				5AD5F8AA1B9A122200154B21 /* Release */,
			);
			defaultConfigurationIsVisible = 0;
			defaultConfigurationName = Release;
		};
		5AD5F8AB1B9A122200154B21 /* Build configuration list for PBXNativeTarget "SpaceTrader" */ = {
			isa = XCConfigurationList;
			buildConfigurations = (
				5AD5F8AC1B9A122200154B21 /* Debug */,
				5AD5F8AD1B9A122200154B21 /* Release */,
			);
			defaultConfigurationIsVisible = 0;
			defaultConfigurationName = Release;
		};
		5AD5F8AE1B9A122200154B21 /* Build configuration list for PBXNativeTarget "SpaceTraderTests" */ = {
			isa = XCConfigurationList;
			buildConfigurations = (
				5AD5F8AF1B9A122200154B21 /* Debug */,
				5AD5F8B01B9A122200154B21 /* Release */,
			);
			defaultConfigurationIsVisible = 0;
			defaultConfigurationName = Release;
		};
/* End XCConfigurationList section */
	};
	rootObject = 5AD5F8841B9A122200154B21 /* Project object */;
}
